
Microsoft Visual Studio Solution File, Format Version 12.00
# Visual Studio 15
VisualStudioVersion = 15.0.27130.2010
MinimumVisualStudioVersion = 10.0.40219.1
Project("{FAE04EC0-301F-11D3-BF4B-00C04F79EFBC}") = "ConsoleApp1", "ConsoleApp1\ConsoleApp1.csproj", "{03C0B3A0-5F0B-4DA9-9F7F-CAB0116D7821}"
EndProject
Project("{FAE04EC0-301F-11D3-BF4B-00C04F79EFBC}") = "ConsoleApp1.Tests", "ConsoleApp1.Tests\ConsoleApp1.Tests.csproj", "{A82D104D-2D34-41C1-AEB2-44C0FB317FEA}"
EndProject
Global
	GlobalSection(SolutionConfigurationPlatforms) = preSolution
		Debug|Any CPU = Debug|Any CPU
		Release|Any CPU = Release|Any CPU
	EndGlobalSection
	GlobalSection(ProjectConfigurationPlatforms) = postSolution
		{03C0B3A0-5F0B-4DA9-9F7F-CAB0116D7821}.Debug|Any CPU.ActiveCfg = Debug|Any CPU
		{03C0B3A0-5F0B-4DA9-9F7F-CAB0116D7821}.Debug|Any CPU.Build.0 = Debug|Any CPU
		{03C0B3A0-5F0B-4DA9-9F7F-CAB0116D7821}.Release|Any CPU.ActiveCfg = Release|Any CPU
		{03C0B3A0-5F0B-4DA9-9F7F-CAB0116D7821}.Release|Any CPU.Build.0 = Release|Any CPU
		{A82D104D-2D34-41C1-AEB2-44C0FB317FEA}.Debug|Any CPU.ActiveCfg = Debug|Any CPU
		{A82D104D-2D34-41C1-AEB2-44C0FB317FEA}.Debug|Any CPU.Build.0 = Debug|Any CPU
		{A82D104D-2D34-41C1-AEB2-44C0FB317FEA}.Release|Any CPU.ActiveCfg = Release|Any CPU
		{A82D104D-2D34-41C1-AEB2-44C0FB317FEA}.Release|Any CPU.Build.0 = Release|Any CPU
	EndGlobalSection
	GlobalSection(SolutionProperties) = preSolution
		HideSolutionNode = FALSE
	EndGlobalSection
	GlobalSection(ExtensibilityGlobals) = postSolution
		SolutionGuid = {7C828761-4461-4908-9F2A-F03C59E07974}
	EndGlobalSection
EndGlobal
